
Microsoft Visual Studio Solution File, Format Version 12.00
# Visual Studio Version 17
VisualStudioVersion = 17.14.36414.22 d17.14
MinimumVisualStudioVersion = 10.0.40219.1
Project("{8BC9CEB8-8B4A-11D0-8D11-00A0C91BC942}") = "mergeSort", "mergeSort.vcxproj", "{0E48709C-1B78-4B0B-915D-EE8F72FD6B17}"
EndProject
Global
	GlobalSection(SolutionConfigurationPlatforms) = preSolution
		Debug|x64 = Debug|x64
		Debug|x86 = Debug|x86
		Release|x64 = Release|x64
		Release|x86 = Release|x86
	EndGlobalSection
	GlobalSection(ProjectConfigurationPlatforms) = postSolution
		{0E48709C-1B78-4B0B-915D-EE8F72FD6B17}.Debug|x64.ActiveCfg = Debug|x64
		{0E48709C-1B78-4B0B-915D-EE8F72FD6B17}.Debug|x64.Build.0 = Debug|x64
		{0E48709C-1B78-4B0B-915D-EE8F72FD6B17}.Debug|x86.ActiveCfg = Debug|Win32
		{0E48709C-1B78-4B0B-915D-EE8F72FD6B17}.Debug|x86.Build.0 = Debug|Win32
		{0E48709C-1B78-4B0B-915D-EE8F72FD6B17}.Release|x64.ActiveCfg = Release|x64
		{0E48709C-1B78-4B0B-915D-EE8F72FD6B17}.Release|x64.Build.0 = Release|x64
		{0E48709C-1B78-4B0B-915D-EE8F72FD6B17}.Release|x86.ActiveCfg = Release|Win32
		{0E48709C-1B78-4B0B-915D-EE8F72FD6B17}.Release|x86.Build.0 = Release|Win32
	EndGlobalSection
	GlobalSection(SolutionProperties) = preSolution
		HideSolutionNode = FALSE
	EndGlobalSection
	GlobalSection(ExtensibilityGlobals) = postSolution
		SolutionGuid = {8BE473C5-17C0-4A89-B789-439AC7BC0F34}
	EndGlobalSection
EndGlobal
